{
	"name": "vizhub-thumbnails-service",
	"version": "1.0.0",
	"lockfileVersion": 1,
	"requires": true,
	"dependencies": {
		"esm": {
			"version": "3.0.84",
			"resolved": "https://registry.npmjs.org/esm/-/esm-3.0.84.tgz",
			"integrity": "sha512-SzSGoZc17S7P+12R9cg21Bdb7eybX25RnIeRZ80xZs+VZ3kdQKzqTp2k4hZJjR7p9l0186TTXSgrxzlMDBktlw==",
			"dev": true
		}
	}
}
