{
	"name": "vizhub-i18n",
	"version": "1.0.0",
	"lockfileVersion": 2,
	"requires": true,
	"packages": {
		"": {
			"name": "vizhub-i18n",
			"version": "1.0.0",
			"license": "UNLICENSED",
			"dependencies": {
				"adm-zip": "^0.5.5"
			}
		},
		"node_modules/adm-zip": {
			"version": "0.5.5",
			"resolved": "https://registry.npmjs.org/adm-zip/-/adm-zip-0.5.5.tgz",
			"integrity": "sha512-IWwXKnCbirdbyXSfUDvCCrmYrOHANRZcc8NcRrvTlIApdl7PwE9oGcsYvNeJPAVY1M+70b4PxXGKIf8AEuiQ6w==",
			"engines": {
				"node": ">=6.0"
			}
		}
	},
	"dependencies": {
		"adm-zip": {
			"version": "0.5.5",
			"resolved": "https://registry.npmjs.org/adm-zip/-/adm-zip-0.5.5.tgz",
			"integrity": "sha512-IWwXKnCbirdbyXSfUDvCCrmYrOHANRZcc8NcRrvTlIApdl7PwE9oGcsYvNeJPAVY1M+70b4PxXGKIf8AEuiQ6w=="
		}
	}
}
