{
	"name": "datavis-tech-controllers",
	"version": "1.0.0",
	"lockfileVersion": 1,
	"requires": true,
	"dependencies": {
		"clone": {
			"version": "1.0.4",
			"resolved": "https://registry.npmjs.org/clone/-/clone-1.0.4.tgz",
			"integrity": "sha1-2jCcwmPfFZlMaIypAheco8fNfH4="
		},
		"deep-equal": {
			"version": "1.0.1",
			"resolved": "https://registry.npmjs.org/deep-equal/-/deep-equal-1.0.1.tgz",
			"integrity": "sha1-9dJgKStmDghO/0zbyfCK0yR0SLU="
		},
		"diff-match-patch": {
			"version": "1.0.4",
			"resolved": "https://registry.npmjs.org/diff-match-patch/-/diff-match-patch-1.0.4.tgz",
			"integrity": "sha512-Uv3SW8bmH9nAtHKaKSanOQmj2DnlH65fUpcrMdfdaOxUG02QQ4YGZ8AE7kKOMisF7UqvOlGKVYWRvezdncW9lg=="
		},
		"json0-ot-diff": {
			"version": "1.0.4",
			"resolved": "https://registry.npmjs.org/json0-ot-diff/-/json0-ot-diff-1.0.4.tgz",
			"integrity": "sha512-rXoaTf12zBLLmQFe2lE6LtJwo4BigHK/mxF2fgjjun9fPj5Wv0x2ldZ+PyiYAxagNtB7yjGDTR69iZcNZg1Xfg==",
			"requires": {
				"clone": "^1.0.2",
				"deep-equal": "^1.0.1",
				"ot-json0": "^1.0.1"
			}
		},
		"ot-json0": {
			"version": "1.1.0",
			"resolved": "https://registry.npmjs.org/ot-json0/-/ot-json0-1.1.0.tgz",
			"integrity": "sha512-wf5fci7GGpMYRDnbbdIFQymvhsbFACMHtxjivQo5KgvAHlxekyfJ9aPsRr6YfFQthQkk4bmsl5yESrZwC/oMYQ=="
		}
	}
}
