{
	"name": "vizhub-server-gateways",
	"version": "1.0.0",
	"lockfileVersion": 1,
	"requires": true,
	"dependencies": {
		"@teamwork/sharedb": {
			"version": "2.0.1",
			"resolved": "https://registry.npmjs.org/@teamwork/sharedb/-/sharedb-2.0.1.tgz",
			"integrity": "sha512-gxBFHQbIfnqfAAgFOT4986IJCuRHVCa0jmiK6fGnH0k+P0knxE+hJDrb+/SO4Tj9Bxg6DMG49tQ2FGWOGVjDtg==",
			"requires": {
				"arraydiff": "^0.1.1",
				"async": "^2.6.1",
				"deep-is": "^0.1.3",
				"hat": "0.0.3",
				"make-error": "^1.1.1",
				"ot-json0": "^1.0.1"
			}
		},
		"@teamwork/sharedb-mingo-memory": {
			"version": "1.0.5",
			"resolved": "https://registry.npmjs.org/@teamwork/sharedb-mingo-memory/-/sharedb-mingo-memory-1.0.5.tgz",
			"integrity": "sha512-2RH6gSCiM73JqR/luOSWLfpcbKriZgmbhILmLVbMnrLr3EJ7psuK9NFE7+cS+lf5+4XK+uxo7cHPMtzbDgoSdw==",
			"requires": {
				"mingo": "^2.2.2"
			}
		},
		"@teamwork/sharedb-mongo": {
			"version": "2.0.3",
			"resolved": "https://registry.npmjs.org/@teamwork/sharedb-mongo/-/sharedb-mongo-2.0.3.tgz",
			"integrity": "sha512-ZkM3x4HLhoRk/klCku3jj5kkiOPBPWpG5pMOuGVIVymvMVee3i/uBmqXFOx2QHKuY44O8OtI+jXnC3FhDKt27g==",
			"requires": {
				"async": "^2.6.1"
			}
		},
		"@teamwork/websocket-json-stream": {
			"version": "1.1.0",
			"resolved": "https://registry.npmjs.org/@teamwork/websocket-json-stream/-/websocket-json-stream-1.1.0.tgz",
			"integrity": "sha512-LOm4DIae2O1BbWAUgei2F1g49jWJDJm1rQW7+UHK7jbgAGTt1r6wJrShNA5pJOlGDc774m+glCL0CmgtvPvAhg=="
		},
		"arraydiff": {
			"version": "0.1.3",
			"resolved": "https://registry.npmjs.org/arraydiff/-/arraydiff-0.1.3.tgz",
			"integrity": "sha1-hqVDbXty8b3aX9bXTock5C+Dzk0="
		},
		"async": {
			"version": "2.6.1",
			"resolved": "https://registry.npmjs.org/async/-/async-2.6.1.tgz",
			"integrity": "sha512-fNEiL2+AZt6AlAw/29Cr0UDe4sRAHCpEHh54WMz+Bb7QfNcFw4h3loofyJpLeQs4Yx7yuqu/2dLgM5hKOs6HlQ==",
			"requires": {
				"lodash": "^4.17.10"
			}
		},
		"bson": {
			"version": "1.1.0",
			"resolved": "https://registry.npmjs.org/bson/-/bson-1.1.0.tgz",
			"integrity": "sha512-9Aeai9TacfNtWXOYarkFJRW2CWo+dRon+fuLZYJmvLV3+MiUp0bEI6IAZfXEIg7/Pl/7IWlLaDnhzTsD81etQA=="
		},
		"deep-is": {
			"version": "0.1.3",
			"resolved": "https://registry.npmjs.org/deep-is/-/deep-is-0.1.3.tgz",
			"integrity": "sha1-s2nW+128E+7PUk+RsHD+7cNXzzQ="
		},
		"hat": {
			"version": "0.0.3",
			"resolved": "https://registry.npmjs.org/hat/-/hat-0.0.3.tgz",
			"integrity": "sha1-uwFKnmSzeIrtgAWRdBPU/z1QLYo="
		},
		"lodash": {
			"version": "4.17.11",
			"resolved": "https://registry.npmjs.org/lodash/-/lodash-4.17.11.tgz",
			"integrity": "sha512-cQKh8igo5QUhZ7lg38DYWAxMvjSAKG0A8wGSVimP07SIUEK2UO+arSRKbRZWtelMtN5V0Hkwh5ryOto/SshYIg=="
		},
		"make-error": {
			"version": "1.3.5",
			"resolved": "https://registry.npmjs.org/make-error/-/make-error-1.3.5.tgz",
			"integrity": "sha512-c3sIjNUow0+8swNwVpqoH4YCShKNFkMaw6oH1mNS2haDZQqkeZFlHS3dhoeEbKKmJB4vXpJucU6oH75aDYeE9g=="
		},
		"memory-pager": {
			"version": "1.1.0",
			"resolved": "https://registry.npmjs.org/memory-pager/-/memory-pager-1.1.0.tgz",
			"integrity": "sha512-Mf9OHV/Y7h6YWDxTzX/b4ZZ4oh9NSXblQL8dtPCOomOtZciEHxePR78+uHFLLlsk01A6jVHhHsQZZ/WcIPpnzg==",
			"optional": true
		},
		"mingo": {
			"version": "2.2.4",
			"resolved": "https://registry.npmjs.org/mingo/-/mingo-2.2.4.tgz",
			"integrity": "sha512-IZCm83gnSkZ/oZwsk3NOQmr3s2iai7Pu4kuF1h4p1SgXOpV/p39zOzue5LobkVChizsCqnLJ+5N7q1clbQDfJg=="
		},
		"mongodb": {
			"version": "3.1.6",
			"resolved": "https://registry.npmjs.org/mongodb/-/mongodb-3.1.6.tgz",
			"integrity": "sha512-E5QJuXQoMlT7KyCYqNNMfAkhfQD79AT4F8Xd+6x37OX+8BL17GyXyWvfm6wuyx4wnzCCPoCSLeMeUN2S7dU9yw==",
			"requires": {
				"mongodb-core": "3.1.5",
				"safe-buffer": "^5.1.2"
			}
		},
		"mongodb-core": {
			"version": "3.1.5",
			"resolved": "https://registry.npmjs.org/mongodb-core/-/mongodb-core-3.1.5.tgz",
			"integrity": "sha512-emT/tM4ZBinqd6RZok+EzDdtN4LjYJIckv71qQVOEFmvXgT5cperZegVmTgox/1cx4XQu6LJ5ZuIwipP/eKdQg==",
			"requires": {
				"bson": "^1.1.0",
				"require_optional": "^1.0.1",
				"safe-buffer": "^5.1.2",
				"saslprep": "^1.0.0"
			}
		},
		"ot-json0": {
			"version": "1.1.0",
			"resolved": "https://registry.npmjs.org/ot-json0/-/ot-json0-1.1.0.tgz",
			"integrity": "sha512-wf5fci7GGpMYRDnbbdIFQymvhsbFACMHtxjivQo5KgvAHlxekyfJ9aPsRr6YfFQthQkk4bmsl5yESrZwC/oMYQ=="
		},
		"require_optional": {
			"version": "1.0.1",
			"resolved": "https://registry.npmjs.org/require_optional/-/require_optional-1.0.1.tgz",
			"integrity": "sha512-qhM/y57enGWHAe3v/NcwML6a3/vfESLe/sGM2dII+gEO0BpKRUkWZow/tyloNqJyN6kXSl3RyyM8Ll5D/sJP8g==",
			"requires": {
				"resolve-from": "^2.0.0",
				"semver": "^5.1.0"
			}
		},
		"resolve-from": {
			"version": "2.0.0",
			"resolved": "https://registry.npmjs.org/resolve-from/-/resolve-from-2.0.0.tgz",
			"integrity": "sha1-lICrIOlP+h2egKgEx+oUdhGWa1c="
		},
		"safe-buffer": {
			"version": "5.1.2",
			"resolved": "https://registry.npmjs.org/safe-buffer/-/safe-buffer-5.1.2.tgz",
			"integrity": "sha512-Gd2UZBJDkXlY7GbJxfsE8/nvKkUEU1G38c1siN6QP6a9PT9MmHB8GnpscSmMJSoF8LOIrt8ud/wPtojys4G6+g=="
		},
		"saslprep": {
			"version": "1.0.2",
			"resolved": "https://registry.npmjs.org/saslprep/-/saslprep-1.0.2.tgz",
			"integrity": "sha512-4cDsYuAjXssUSjxHKRe4DTZC0agDwsCqcMqtJAQPzC74nJ7LfAJflAtC1Zed5hMzEQKj82d3tuzqdGNRsLJ4Gw==",
			"optional": true,
			"requires": {
				"sparse-bitfield": "^3.0.3"
			}
		},
		"semver": {
			"version": "5.5.1",
			"resolved": "https://registry.npmjs.org/semver/-/semver-5.5.1.tgz",
			"integrity": "sha512-PqpAxfrEhlSUWge8dwIp4tZnQ25DIOthpiaHNIthsjEFQD6EvqUKUDM7L8O2rShkFccYo1VjJR0coWfNkCubRw=="
		},
		"sparse-bitfield": {
			"version": "3.0.3",
			"resolved": "https://registry.npmjs.org/sparse-bitfield/-/sparse-bitfield-3.0.3.tgz",
			"integrity": "sha1-/0rm5oZWBWuks+eSqzM004JzyhE=",
			"optional": true,
			"requires": {
				"memory-pager": "^1.0.2"
			}
		}
	}
}
